
Microsoft Visual Studio Solution File, Format Version 12.00
# Visual Studio 15
VisualStudioVersion = 15.0.28010.2048
MinimumVisualStudioVersion = 10.0.40219.1
Project("{FAE04EC0-301F-11D3-BF4B-00C04F79EFBC}") = "MicrosoftGraphProxyFunction", "MicrosoftGraphProxyFunction\MicrosoftGraphProxyFunction.csproj", "{BB81080C-214C-4F66-A3E3-393FB95B5C62}"
EndProject
Global
	GlobalSection(SolutionConfigurationPlatforms) = preSolution
		Debug|Any CPU = Debug|Any CPU
		Release|Any CPU = Release|Any CPU
	EndGlobalSection
	GlobalSection(ProjectConfigurationPlatforms) = postSolution
		{BB81080C-214C-4F66-A3E3-393FB95B5C62}.Debug|Any CPU.ActiveCfg = Debug|Any CPU
		{BB81080C-214C-4F66-A3E3-393FB95B5C62}.Debug|Any CPU.Build.0 = Debug|Any CPU
		{BB81080C-214C-4F66-A3E3-393FB95B5C62}.Release|Any CPU.ActiveCfg = Release|Any CPU
		{BB81080C-214C-4F66-A3E3-393FB95B5C62}.Release|Any CPU.Build.0 = Release|Any CPU
	EndGlobalSection
	GlobalSection(SolutionProperties) = preSolution
		HideSolutionNode = FALSE
	EndGlobalSection
	GlobalSection(ExtensibilityGlobals) = postSolution
		SolutionGuid = {89F1A850-C115-42C4-BAC6-A2FF027BEC53}
	EndGlobalSection
EndGlobal
